
Microsoft Visual Studio Solution File, Format Version 12.00
# Visual Studio 15
VisualStudioVersion = 15.0.27428.2027
MinimumVisualStudioVersion = 10.0.40219.1
Project("{FAE04EC0-301F-11D3-BF4B-00C04F79EFBC}") = "Tofu", "Tofu.Logging.csproj", "{58934B6C-7DAB-4B61-BB8C-92E03B05EBB5}"
EndProject
Global
	GlobalSection(SolutionConfigurationPlatforms) = preSolution
		Debug|Any CPU = Debug|Any CPU
		Release|Any CPU = Release|Any CPU
	EndGlobalSection
	GlobalSection(ProjectConfigurationPlatforms) = postSolution
		{58934B6C-7DAB-4B61-BB8C-92E03B05EBB5}.Debug|Any CPU.ActiveCfg = Debug|Any CPU
		{58934B6C-7DAB-4B61-BB8C-92E03B05EBB5}.Debug|Any CPU.Build.0 = Debug|Any CPU
		{58934B6C-7DAB-4B61-BB8C-92E03B05EBB5}.Release|Any CPU.ActiveCfg = Release|Any CPU
		{58934B6C-7DAB-4B61-BB8C-92E03B05EBB5}.Release|Any CPU.Build.0 = Release|Any CPU
	EndGlobalSection
	GlobalSection(SolutionProperties) = preSolution
		HideSolutionNode = FALSE
	EndGlobalSection
	GlobalSection(ExtensibilityGlobals) = postSolution
		SolutionGuid = {A9D07EC5-B17C-448E-B56B-571A3E390079}
	EndGlobalSection
EndGlobal
